schema: '2.0'
stages:
  filter_1:
    cmd: python src/process_dataset.py data/dataset.index data/dataset_filtered_1.index
      --min_duplicate=2
    deps:
    - path: data/dataset.index
      hash: md5
      md5: 674c7e087072015d4ae7bb1075bcb788
      size: 838
    outs:
    - path: data/dataset_filtered_1.index
      hash: md5
      md5: 6fa2a385477fbb36c8f63b93d22597df
      size: 1562
